Microsoft Visual Studio Solution File, Format Version 12.00
# Visual Studio Version 17
VisualStudioVersion = 17.5.2.0
MinimumVisualStudioVersion = 10.0.40219.1
Project("{FAE04EC0-301F-11D3-BF4B-00C04F79EFBC}") = "LivInParis", "LivInParis.csproj", "{BC54B9F7-4ABA-12A0-CA4B-1AC776A7779C}"
EndProject
Project("{FAE04EC0-301F-11D3-BF4B-00C04F79EFBC}") = "LivInParis.Tests", "LivInParis.Tests\LivInParis.Tests.csproj", "{3198BD2E-EAAD-0BB1-A03A-66F8C0EC1F2B}"
EndProject
Global
	GlobalSection(SolutionConfigurationPlatforms) = preSolution
		Debug|Any CPU = Debug|Any CPU
		Release|Any CPU = Release|Any CPU
	EndGlobalSection
	GlobalSection(ProjectConfigurationPlatforms) = postSolution
		{BC54B9F7-4ABA-12A0-CA4B-1AC776A7779C}.Debug|Any CPU.ActiveCfg = Debug|Any CPU
		{BC54B9F7-4ABA-12A0-CA4B-1AC776A7779C}.Debug|Any CPU.Build.0 = Debug|Any CPU
		{BC54B9F7-4ABA-12A0-CA4B-1AC776A7779C}.Release|Any CPU.ActiveCfg = Release|Any CPU
		{BC54B9F7-4ABA-12A0-CA4B-1AC776A7779C}.Release|Any CPU.Build.0 = Release|Any CPU
		{3198BD2E-EAAD-0BB1-A03A-66F8C0EC1F2B}.Debug|Any CPU.ActiveCfg = Debug|Any CPU
		{3198BD2E-EAAD-0BB1-A03A-66F8C0EC1F2B}.Debug|Any CPU.Build.0 = Debug|Any CPU
		{3198BD2E-EAAD-0BB1-A03A-66F8C0EC1F2B}.Release|Any CPU.ActiveCfg = Release|Any CPU
		{3198BD2E-EAAD-0BB1-A03A-66F8C0EC1F2B}.Release|Any CPU.Build.0 = Release|Any CPU
	EndGlobalSection
	GlobalSection(SolutionProperties) = preSolution
		HideSolutionNode = FALSE
	EndGlobalSection
	GlobalSection(ExtensibilityGlobals) = postSolution
		SolutionGuid = {6634A780-45A6-4B68-91B0-778A6BE7A169}
	EndGlobalSection
EndGlobal
